// !$*UTF8*$!
{
	archiveVersion = 1;
	classes = {
	};
	objectVersion = 46;
	objects = {

/* Begin PBXBuildFile section */
		BF453F351D1F0A4B000C3C99 /* Alamofire.framework in Frameworks */ = {isa = PBXBuildFile; fileRef = BF8B2D241D1F038C00B3A2D8 /* Alamofire.framework */; };
		BF453F361D1F0A4B000C3C99 /* SwiftyJSON.framework in Frameworks */ = {isa = PBXBuildFile; fileRef = BF8B2D251D1F038C00B3A2D8 /* SwiftyJSON.framework */; };
		BF453F391D1F0A93000C3C99 /* Alamofire.framework in Frameworks */ = {isa = PBXBuildFile; fileRef = BF453F371D1F0A93000C3C99 /* Alamofire.framework */; };
		BF453F3A1D1F0A93000C3C99 /* Alamofire.framework in Embed Frameworks */ = {isa = PBXBuildFile; fileRef = BF453F371D1F0A93000C3C99 /* Alamofire.framework */; settings = {ATTRIBUTES = (CodeSignOnCopy, RemoveHeadersOnCopy, ); }; };
		BF453F3B1D1F0A93000C3C99 /* SwiftyJSON.framework in Frameworks */ = {isa = PBXBuildFile; fileRef = BF453F381D1F0A93000C3C99 /* SwiftyJSON.framework */; };
		BF453F3C1D1F0A93000C3C99 /* SwiftyJSON.framework in Embed Frameworks */ = {isa = PBXBuildFile; fileRef = BF453F381D1F0A93000C3C99 /* SwiftyJSON.framework */; settings = {ATTRIBUTES = (CodeSignOnCopy, RemoveHeadersOnCopy, ); }; };
		BF453F3F1D205C60000C3C99 /* PostController.swift in Sources */ = {isa = PBXBuildFile; fileRef = BF453F3E1D205C60000C3C99 /* PostController.swift */; };
		BF453F411D21973D000C3C99 /* TypeChoiceController.swift in Sources */ = {isa = PBXBuildFile; fileRef = BF453F401D21973D000C3C99 /* TypeChoiceController.swift */; };
		BF84BD2E1D1F077D0002097D /* Alamofire.framework.dSYM in Resources */ = {isa = PBXBuildFile; fileRef = BF84BD2C1D1F077D0002097D /* Alamofire.framework.dSYM */; };
		BF84BD2F1D1F077D0002097D /* SwiftyJSON.framework.dSYM in Resources */ = {isa = PBXBuildFile; fileRef = BF84BD2D1D1F077D0002097D /* SwiftyJSON.framework.dSYM */; };
		BF8B2D031D1BDA9600B3A2D8 /* AppDelegate.swift in Sources */ = {isa = PBXBuildFile; fileRef = BF8B2D021D1BDA9600B3A2D8 /* AppDelegate.swift */; };
		BF8B2D051D1BDA9600B3A2D8 /* ViewController.swift in Sources */ = {isa = PBXBuildFile; fileRef = BF8B2D041D1BDA9600B3A2D8 /* ViewController.swift */; };
		BF8B2D081D1BDA9600B3A2D8 /* Main.storyboard in Resources */ = {isa = PBXBuildFile; fileRef = BF8B2D061D1BDA9600B3A2D8 /* Main.storyboard */; };
		BF8B2D0A1D1BDA9600B3A2D8 /* Assets.xcassets in Resources */ = {isa = PBXBuildFile; fileRef = BF8B2D091D1BDA9600B3A2D8 /* Assets.xcassets */; };
		BF8B2D0D1D1BDA9600B3A2D8 /* LaunchScreen.storyboard in Resources */ = {isa = PBXBuildFile; fileRef = BF8B2D0B1D1BDA9600B3A2D8 /* LaunchScreen.storyboard */; };
		BF8B2D181D1BDA9600B3A2D8 /* GrillageTests.swift in Sources */ = {isa = PBXBuildFile; fileRef = BF8B2D171D1BDA9600B3A2D8 /* GrillageTests.swift */; };
		BF8B2D231D1C04F200B3A2D8 /* MapPin.swift in Sources */ = {isa = PBXBuildFile; fileRef = BF8B2D221D1C04F200B3A2D8 /* MapPin.swift */; };
		BFE37EC41D23158B00EA7A07 /* AssetsLibrary.framework in Frameworks */ = {isa = PBXBuildFile; fileRef = BFE37EC31D23158B00EA7A07 /* AssetsLibrary.framework */; };
		BFE37EC61D2979BA00EA7A07 /* SharedData.swift in Sources */ = {isa = PBXBuildFile; fileRef = BFE37EC51D2979BA00EA7A07 /* SharedData.swift */; };
/* End PBXBuildFile section */

/* Begin PBXContainerItemProxy section */
		BF8B2D141D1BDA9600B3A2D8 /* PBXContainerItemProxy */ = {
			isa = PBXContainerItemProxy;
			containerPortal = BF8B2CF71D1BDA9600B3A2D8 /* Project object */;
			proxyType = 1;
			remoteGlobalIDString = BF8B2CFE1D1BDA9600B3A2D8;
			remoteInfo = Grillage;
		};
/* End PBXContainerItemProxy section */

/* Begin PBXCopyFilesBuildPhase section */
		BF453F3D1D1F0A93000C3C99 /* Embed Frameworks */ = {
			isa = PBXCopyFilesBuildPhase;
			buildActionMask = 2147483647;
			dstPath = "";
			dstSubfolderSpec = 10;
			files = (
				BF453F3C1D1F0A93000C3C99 /* SwiftyJSON.framework in Embed Frameworks */,
				BF453F3A1D1F0A93000C3C99 /* Alamofire.framework in Embed Frameworks */,
			);
			name = "Embed Frameworks";
			runOnlyForDeploymentPostprocessing = 0;
		};
/* End PBXCopyFilesBuildPhase section */

/* Begin PBXFileReference section */
		BF453F371D1F0A93000C3C99 /* Alamofire.framework */ = {isa = PBXFileReference; lastKnownFileType = wrapper.framework; name = Alamofire.framework; path = Carthage/Build/iOS/Alamofire.framework; sourceTree = "<group>"; };
		BF453F381D1F0A93000C3C99 /* SwiftyJSON.framework */ = {isa = PBXFileReference; lastKnownFileType = wrapper.framework; name = SwiftyJSON.framework; path = Carthage/Build/iOS/SwiftyJSON.framework; sourceTree = "<group>"; };
		BF453F3E1D205C60000C3C99 /* PostController.swift */ = {isa = PBXFileReference; fileEncoding = 4; lastKnownFileType = sourcecode.swift; path = PostController.swift; sourceTree = "<group>"; };
		BF453F401D21973D000C3C99 /* TypeChoiceController.swift */ = {isa = PBXFileReference; fileEncoding = 4; lastKnownFileType = sourcecode.swift; path = TypeChoiceController.swift; sourceTree = "<group>"; };
		BF84BD2C1D1F077D0002097D /* Alamofire.framework.dSYM */ = {isa = PBXFileReference; lastKnownFileType = wrapper.dsym; name = Alamofire.framework.dSYM; path = Carthage/Build/iOS/Alamofire.framework.dSYM; sourceTree = "<group>"; };
		BF84BD2D1D1F077D0002097D /* SwiftyJSON.framework.dSYM */ = {isa = PBXFileReference; lastKnownFileType = wrapper.dsym; name = SwiftyJSON.framework.dSYM; path = Carthage/Build/iOS/SwiftyJSON.framework.dSYM; sourceTree = "<group>"; };
		BF8B2CFF1D1BDA9600B3A2D8 /* Grillage.app */ = {isa = PBXFileReference; explicitFileType = wrapper.application; includeInIndex = 0; path = Grillage.app; sourceTree = BUILT_PRODUCTS_DIR; };
		BF8B2D021D1BDA9600B3A2D8 /* AppDelegate.swift */ = {isa = PBXFileReference; lastKnownFileType = sourcecode.swift; path = AppDelegate.swift; sourceTree = "<group>"; };
		BF8B2D041D1BDA9600B3A2D8 /* ViewController.swift */ = {isa = PBXFileReference; lastKnownFileType = sourcecode.swift; path = ViewController.swift; sourceTree = "<group>"; };
		BF8B2D071D1BDA9600B3A2D8 /* Base */ = {isa = PBXFileReference; lastKnownFileType = file.storyboard; name = Base; path = Base.lproj/Main.storyboard; sourceTree = "<group>"; };
		BF8B2D091D1BDA9600B3A2D8 /* Assets.xcassets */ = {isa = PBXFileReference; lastKnownFileType = folder.assetcatalog; path = Assets.xcassets; sourceTree = "<group>"; };
		BF8B2D0C1D1BDA9600B3A2D8 /* Base */ = {isa = PBXFileReference; lastKnownFileType = file.storyboard; name = Base; path = Base.lproj/LaunchScreen.storyboard; sourceTree = "<group>"; };
		BF8B2D0E1D1BDA9600B3A2D8 /* Info.plist */ = {isa = PBXFileReference; lastKnownFileType = text.plist.xml; path = Info.plist; sourceTree = "<group>"; };
		BF8B2D131D1BDA9600B3A2D8 /* GrillageTests.xctest */ = {isa = PBXFileReference; explicitFileType = wrapper.cfbundle; includeInIndex = 0; path = GrillageTests.xctest; sourceTree = BUILT_PRODUCTS_DIR; };
		BF8B2D171D1BDA9600B3A2D8 /* GrillageTests.swift */ = {isa = PBXFileReference; lastKnownFileType = sourcecode.swift; path = GrillageTests.swift; sourceTree = "<group>"; };
		BF8B2D191D1BDA9600B3A2D8 /* Info.plist */ = {isa = PBXFileReference; lastKnownFileType = text.plist.xml; path = Info.plist; sourceTree = "<group>"; };
		BF8B2D221D1C04F200B3A2D8 /* MapPin.swift */ = {isa = PBXFileReference; fileEncoding = 4; lastKnownFileType = sourcecode.swift; path = MapPin.swift; sourceTree = "<group>"; };
		BF8B2D241D1F038C00B3A2D8 /* Alamofire.framework */ = {isa = PBXFileReference; lastKnownFileType = wrapper.framework; name = Alamofire.framework; path = Carthage/Build/iOS/Alamofire.framework; sourceTree = "<group>"; };
		BF8B2D251D1F038C00B3A2D8 /* SwiftyJSON.framework */ = {isa = PBXFileReference; lastKnownFileType = wrapper.framework; name = SwiftyJSON.framework; path = Carthage/Build/iOS/SwiftyJSON.framework; sourceTree = "<group>"; };
		BFE37EC31D23158B00EA7A07 /* AssetsLibrary.framework */ = {isa = PBXFileReference; lastKnownFileType = wrapper.framework; name = AssetsLibrary.framework; path = System/Library/Frameworks/AssetsLibrary.framework; sourceTree = SDKROOT; };
		BFE37EC51D2979BA00EA7A07 /* SharedData.swift */ = {isa = PBXFileReference; fileEncoding = 4; lastKnownFileType = sourcecode.swift; path = SharedData.swift; sourceTree = "<group>"; };
/* End PBXFileReference section */

/* Begin PBXFrameworksBuildPhase section */
		BF8B2CFC1D1BDA9600B3A2D8 /* Frameworks */ = {
			isa = PBXFrameworksBuildPhase;
			buildActionMask = 2147483647;
			files = (
				BFE37EC41D23158B00EA7A07 /* AssetsLibrary.framework in Frameworks */,
				BF453F3B1D1F0A93000C3C99 /* SwiftyJSON.framework in Frameworks */,
				BF453F351D1F0A4B000C3C99 /* Alamofire.framework in Frameworks */,
				BF453F391D1F0A93000C3C99 /* Alamofire.framework in Frameworks */,
				BF453F361D1F0A4B000C3C99 /* SwiftyJSON.framework in Frameworks */,
			);
			runOnlyForDeploymentPostprocessing = 0;
		};
		BF8B2D101D1BDA9600B3A2D8 /* Frameworks */ = {
			isa = PBXFrameworksBuildPhase;
			buildActionMask = 2147483647;
			files = (
			);
			runOnlyForDeploymentPostprocessing = 0;
		};
/* End PBXFrameworksBuildPhase section */

/* Begin PBXGroup section */
		BF8B2CF61D1BDA9600B3A2D8 = {
			isa = PBXGroup;
			children = (
				BFE37EC31D23158B00EA7A07 /* AssetsLibrary.framework */,
				BF453F371D1F0A93000C3C99 /* Alamofire.framework */,
				BF453F381D1F0A93000C3C99 /* SwiftyJSON.framework */,
				BF84BD2C1D1F077D0002097D /* Alamofire.framework.dSYM */,
				BF84BD2D1D1F077D0002097D /* SwiftyJSON.framework.dSYM */,
				BF8B2D241D1F038C00B3A2D8 /* Alamofire.framework */,
				BF8B2D251D1F038C00B3A2D8 /* SwiftyJSON.framework */,
				BF8B2D011D1BDA9600B3A2D8 /* Grillage */,
				BF8B2D161D1BDA9600B3A2D8 /* GrillageTests */,
				BF8B2D001D1BDA9600B3A2D8 /* Products */,
			);
			sourceTree = "<group>";
		};
		BF8B2D001D1BDA9600B3A2D8 /* Products */ = {
			isa = PBXGroup;
			children = (
				BF8B2CFF1D1BDA9600B3A2D8 /* Grillage.app */,
				BF8B2D131D1BDA9600B3A2D8 /* GrillageTests.xctest */,
			);
			name = Products;
			sourceTree = "<group>";
		};
		BF8B2D011D1BDA9600B3A2D8 /* Grillage */ = {
			isa = PBXGroup;
			children = (
				BF8B2D021D1BDA9600B3A2D8 /* AppDelegate.swift */,
				BF8B2D041D1BDA9600B3A2D8 /* ViewController.swift */,
				BFE37EC51D2979BA00EA7A07 /* SharedData.swift */,
				BF8B2D061D1BDA9600B3A2D8 /* Main.storyboard */,
				BF453F401D21973D000C3C99 /* TypeChoiceController.swift */,
				BF453F3E1D205C60000C3C99 /* PostController.swift */,
				BF8B2D221D1C04F200B3A2D8 /* MapPin.swift */,
				BF8B2D091D1BDA9600B3A2D8 /* Assets.xcassets */,
				BF8B2D0B1D1BDA9600B3A2D8 /* LaunchScreen.storyboard */,
				BF8B2D0E1D1BDA9600B3A2D8 /* Info.plist */,
			);
			path = Grillage;
			sourceTree = "<group>";
		};
		BF8B2D161D1BDA9600B3A2D8 /* GrillageTests */ = {
			isa = PBXGroup;
			children = (
				BF8B2D171D1BDA9600B3A2D8 /* GrillageTests.swift */,
				BF8B2D191D1BDA9600B3A2D8 /* Info.plist */,
			);
			path = GrillageTests;
			sourceTree = "<group>";
		};
/* End PBXGroup section */

/* Begin PBXNativeTarget section */
		BF8B2CFE1D1BDA9600B3A2D8 /* Grillage */ = {
			isa = PBXNativeTarget;
			buildConfigurationList = BF8B2D1C1D1BDA9600B3A2D8 /* Build configuration list for PBXNativeTarget "Grillage" */;
			buildPhases = (
				BF8B2CFB1D1BDA9600B3A2D8 /* Sources */,
				BF8B2CFC1D1BDA9600B3A2D8 /* Frameworks */,
				BF8B2CFD1D1BDA9600B3A2D8 /* Resources */,
				BF453F3D1D1F0A93000C3C99 /* Embed Frameworks */,
			);
			buildRules = (
			);
			dependencies = (
			);
			name = Grillage;
			productName = Grillage;
			productReference = BF8B2CFF1D1BDA9600B3A2D8 /* Grillage.app */;
			productType = "com.apple.product-type.application";
		};
		BF8B2D121D1BDA9600B3A2D8 /* GrillageTests */ = {
			isa = PBXNativeTarget;
			buildConfigurationList = BF8B2D1F1D1BDA9600B3A2D8 /* Build configuration list for PBXNativeTarget "GrillageTests" */;
			buildPhases = (
				BF8B2D0F1D1BDA9600B3A2D8 /* Sources */,
				BF8B2D101D1BDA9600B3A2D8 /* Frameworks */,
				BF8B2D111D1BDA9600B3A2D8 /* Resources */,
			);
			buildRules = (
			);
			dependencies = (
				BF8B2D151D1BDA9600B3A2D8 /* PBXTargetDependency */,
			);
			name = GrillageTests;
			productName = GrillageTests;
			productReference = BF8B2D131D1BDA9600B3A2D8 /* GrillageTests.xctest */;
			productType = "com.apple.product-type.bundle.unit-test";
		};
/* End PBXNativeTarget section */

/* Begin PBXProject section */
		BF8B2CF71D1BDA9600B3A2D8 /* Project object */ = {
			isa = PBXProject;
			attributes = {
				LastSwiftUpdateCheck = 0730;
				LastUpgradeCheck = 0730;
				ORGANIZATIONNAME = Vincent;
				TargetAttributes = {
					BF8B2CFE1D1BDA9600B3A2D8 = {
						CreatedOnToolsVersion = 7.3.1;
						DevelopmentTeam = 5T2568Z7V9;
					};
					BF8B2D121D1BDA9600B3A2D8 = {
						CreatedOnToolsVersion = 7.3.1;
						TestTargetID = BF8B2CFE1D1BDA9600B3A2D8;
					};
				};
			};
			buildConfigurationList = BF8B2CFA1D1BDA9600B3A2D8 /* Build configuration list for PBXProject "Grillage" */;
			compatibilityVersion = "Xcode 3.2";
			developmentRegion = English;
			hasScannedForEncodings = 0;
			knownRegions = (
				en,
				Base,
			);
			mainGroup = BF8B2CF61D1BDA9600B3A2D8;
			productRefGroup = BF8B2D001D1BDA9600B3A2D8 /* Products */;
			projectDirPath = "";
			projectRoot = "";
			targets = (
				BF8B2CFE1D1BDA9600B3A2D8 /* Grillage */,
				BF8B2D121D1BDA9600B3A2D8 /* GrillageTests */,
			);
		};
/* End PBXProject section */

/* Begin PBXResourcesBuildPhase section */
		BF8B2CFD1D1BDA9600B3A2D8 /* Resources */ = {
			isa = PBXResourcesBuildPhase;
			buildActionMask = 2147483647;
			files = (
				BF8B2D0D1D1BDA9600B3A2D8 /* LaunchScreen.storyboard in Resources */,
				BF84BD2F1D1F077D0002097D /* SwiftyJSON.framework.dSYM in Resources */,
				BF8B2D0A1D1BDA9600B3A2D8 /* Assets.xcassets in Resources */,
				BF8B2D081D1BDA9600B3A2D8 /* Main.storyboard in Resources */,
				BF84BD2E1D1F077D0002097D /* Alamofire.framework.dSYM in Resources */,
			);
			runOnlyForDeploymentPostprocessing = 0;
		};
		BF8B2D111D1BDA9600B3A2D8 /* Resources */ = {
			isa = PBXResourcesBuildPhase;
			buildActionMask = 2147483647;
			files = (
			);
			runOnlyForDeploymentPostprocessing = 0;
		};
/* End PBXResourcesBuildPhase section */

/* Begin PBXSourcesBuildPhase section */
		BF8B2CFB1D1BDA9600B3A2D8 /* Sources */ = {
			isa = PBXSourcesBuildPhase;
			buildActionMask = 2147483647;
			files = (
				BFE37EC61D2979BA00EA7A07 /* SharedData.swift in Sources */,
				BF8B2D231D1C04F200B3A2D8 /* MapPin.swift in Sources */,
				BF453F3F1D205C60000C3C99 /* PostController.swift in Sources */,
				BF453F411D21973D000C3C99 /* TypeChoiceController.swift in Sources */,
				BF8B2D051D1BDA9600B3A2D8 /* ViewController.swift in Sources */,
				BF8B2D031D1BDA9600B3A2D8 /* AppDelegate.swift in Sources */,
			);
			runOnlyForDeploymentPostprocessing = 0;
		};
		BF8B2D0F1D1BDA9600B3A2D8 /* Sources */ = {
			isa = PBXSourcesBuildPhase;
			buildActionMask = 2147483647;
			files = (
				BF8B2D181D1BDA9600B3A2D8 /* GrillageTests.swift in Sources */,
			);
			runOnlyForDeploymentPostprocessing = 0;
		};
/* End PBXSourcesBuildPhase section */

/* Begin PBXTargetDependency section */
		BF8B2D151D1BDA9600B3A2D8 /* PBXTargetDependency */ = {
			isa = PBXTargetDependency;
			target = BF8B2CFE1D1BDA9600B3A2D8 /* Grillage */;
			targetProxy = BF8B2D141D1BDA9600B3A2D8 /* PBXContainerItemProxy */;
		};
/* End PBXTargetDependency section */

/* Begin PBXVariantGroup section */
		BF8B2D061D1BDA9600B3A2D8 /* Main.storyboard */ = {
			isa = PBXVariantGroup;
			children = (
				BF8B2D071D1BDA9600B3A2D8 /* Base */,
			);
			name = Main.storyboard;
			sourceTree = "<group>";
		};
		BF8B2D0B1D1BDA9600B3A2D8 /* LaunchScreen.storyboard */ = {
			isa = PBXVariantGroup;
			children = (
				BF8B2D0C1D1BDA9600B3A2D8 /* Base */,
			);
			name = LaunchScreen.storyboard;
			sourceTree = "<group>";
		};
/* End PBXVariantGroup section */

/* Begin XCBuildConfiguration section */
		BF8B2D1A1D1BDA9600B3A2D8 /* Debug */ = {
			isa = XCBuildConfiguration;
			buildSettings = {
				ALWAYS_SEARCH_USER_PATHS = NO;
				CLANG_ANALYZER_NONNULL = YES;
				CLANG_CXX_LANGUAGE_STANDARD = "gnu++0x";
				CLANG_CXX_LIBRARY = "libc++";
				CLANG_ENABLE_MODULES = YES;
				CLANG_ENABLE_OBJC_ARC = YES;
				CLANG_WARN_BOOL_CONVERSION = YES;
				CLANG_WARN_CONSTANT_CONVERSION = YES;
				CLANG_WARN_DIRECT_OBJC_ISA_USAGE = YES_ERROR;
				CLANG_WARN_EMPTY_BODY = YES;
				CLANG_WARN_ENUM_CONVERSION = YES;
				CLANG_WARN_INT_CONVERSION = YES;
				CLANG_WARN_OBJC_ROOT_CLASS = YES_ERROR;
				CLANG_WARN_UNREACHABLE_CODE = YES;
				CLANG_WARN__DUPLICATE_METHOD_MATCH = YES;
				"CODE_SIGN_IDENTITY[sdk=iphoneos*]" = "iPhone Developer";
				COPY_PHASE_STRIP = NO;
				DEBUG_INFORMATION_FORMAT = dwarf;
				ENABLE_STRICT_OBJC_MSGSEND = YES;
				ENABLE_TESTABILITY = YES;
				GCC_C_LANGUAGE_STANDARD = gnu99;
				GCC_DYNAMIC_NO_PIC = NO;
				GCC_NO_COMMON_BLOCKS = YES;
				GCC_OPTIMIZATION_LEVEL = 0;
				GCC_PREPROCESSOR_DEFINITIONS = (
					"DEBUG=1",
					"$(inherited)",
				);
				GCC_WARN_64_TO_32_BIT_CONVERSION = YES;
				GCC_WARN_ABOUT_RETURN_TYPE = YES_ERROR;
				GCC_WARN_UNDECLARED_SELECTOR = YES;
				GCC_WARN_UNINITIALIZED_AUTOS = YES_AGGRESSIVE;
				GCC_WARN_UNUSED_FUNCTION = YES;
				GCC_WARN_UNUSED_VARIABLE = YES;
				IPHONEOS_DEPLOYMENT_TARGET = 9.3;
				MTL_ENABLE_DEBUG_INFO = YES;
				ONLY_ACTIVE_ARCH = YES;
				SDKROOT = iphoneos;
				SWIFT_OPTIMIZATION_LEVEL = "-Onone";
				TARGETED_DEVICE_FAMILY = "1,2";
			};
			name = Debug;
		};
		BF8B2D1B1D1BDA9600B3A2D8 /* Release */ = {
			isa = XCBuildConfiguration;
			buildSettings = {
				ALWAYS_SEARCH_USER_PATHS = NO;
				CLANG_ANALYZER_NONNULL = YES;
				CLANG_CXX_LANGUAGE_STANDARD = "gnu++0x";
				CLANG_CXX_LIBRARY = "libc++";
				CLANG_ENABLE_MODULES = YES;
				CLANG_ENABLE_OBJC_ARC = YES;
				CLANG_WARN_BOOL_CONVERSION = YES;
				CLANG_WARN_CONSTANT_CONVERSION = YES;
				CLANG_WARN_DIRECT_OBJC_ISA_USAGE = YES_ERROR;
				CLANG_WARN_EMPTY_BODY = YES;
				CLANG_WARN_ENUM_CONVERSION = YES;
				CLANG_WARN_INT_CONVERSION = YES;
				CLANG_WARN_OBJC_ROOT_CLASS = YES_ERROR;
				CLANG_WARN_UNREACHABLE_CODE = YES;
				CLANG_WARN__DUPLICATE_METHOD_MATCH = YES;
				"CODE_SIGN_IDENTITY[sdk=iphoneos*]" = "iPhone Developer";
				COPY_PHASE_STRIP = NO;
				DEBUG_INFORMATION_FORMAT = "dwarf-with-dsym";
				ENABLE_NS_ASSERTIONS = NO;
				ENABLE_STRICT_OBJC_MSGSEND = YES;
				GCC_C_LANGUAGE_STANDARD = gnu99;
				GCC_NO_COMMON_BLOCKS = YES;
				GCC_WARN_64_TO_32_BIT_CONVERSION = YES;
				GCC_WARN_ABOUT_RETURN_TYPE = YES_ERROR;
				GCC_WARN_UNDECLARED_SELECTOR = YES;
				GCC_WARN_UNINITIALIZED_AUTOS = YES_AGGRESSIVE;
				GCC_WARN_UNUSED_FUNCTION = YES;
				GCC_WARN_UNUSED_VARIABLE = YES;
				IPHONEOS_DEPLOYMENT_TARGET = 9.3;
				MTL_ENABLE_DEBUG_INFO = NO;
				SDKROOT = iphoneos;
				TARGETED_DEVICE_FAMILY = "1,2";
				VALIDATE_PRODUCT = YES;
			};
			name = Release;
		};
		BF8B2D1D1D1BDA9600B3A2D8 /* Debug */ = {
			isa = XCBuildConfiguration;
			buildSettings = {
				ASSETCATALOG_COMPILER_APPICON_NAME = AppIcon;
				CODE_SIGN_IDENTITY = "iPhone Developer";
				"CODE_SIGN_IDENTITY[sdk=iphoneos*]" = "iPhone Developer";
				FRAMEWORK_SEARCH_PATHS = (
					"$(inherited)",
					"$(PROJECT_DIR)/Carthage/Build/iOS",
				);
				INFOPLIST_FILE = Grillage/Info.plist;
				LD_RUNPATH_SEARCH_PATHS = "$(inherited) @executable_path/Frameworks";
				PRODUCT_BUNDLE_IDENTIFIER = fr.giardi.Grillage;
				PRODUCT_NAME = "$(TARGET_NAME)";
				PROVISIONING_PROFILE = "";
			};
			name = Debug;
		};
		BF8B2D1E1D1BDA9600B3A2D8 /* Release */ = {
			isa = XCBuildConfiguration;
			buildSettings = {
				ASSETCATALOG_COMPILER_APPICON_NAME = AppIcon;
				CODE_SIGN_IDENTITY = "iPhone Developer";
				"CODE_SIGN_IDENTITY[sdk=iphoneos*]" = "iPhone Developer";
				FRAMEWORK_SEARCH_PATHS = (
					"$(inherited)",
					"$(PROJECT_DIR)/Carthage/Build/iOS",
				);
				INFOPLIST_FILE = Grillage/Info.plist;
				LD_RUNPATH_SEARCH_PATHS = "$(inherited) @executable_path/Frameworks";
				PRODUCT_BUNDLE_IDENTIFIER = fr.giardi.Grillage;
				PRODUCT_NAME = "$(TARGET_NAME)";
				PROVISIONING_PROFILE = "";
			};
			name = Release;
		};
		BF8B2D201D1BDA9600B3A2D8 /* Debug */ = {
			isa = XCBuildConfiguration;
			buildSettings = {
				BUNDLE_LOADER = "$(TEST_HOST)";
				INFOPLIST_FILE = GrillageTests/Info.plist;
				LD_RUNPATH_SEARCH_PATHS = "$(inherited) @executable_path/Frameworks @loader_path/Frameworks";
				PRODUCT_BUNDLE_IDENTIFIER = fr.giardi.GrillageTests;
				PRODUCT_NAME = "$(TARGET_NAME)";
				TEST_HOST = "$(BUILT_PRODUCTS_DIR)/Grillage.app/Grillage";
			};
			name = Debug;
		};
		BF8B2D211D1BDA9600B3A2D8 /* Release */ = {
			isa = XCBuildConfiguration;
			buildSettings = {
				BUNDLE_LOADER = "$(TEST_HOST)";
				INFOPLIST_FILE = GrillageTests/Info.plist;
				LD_RUNPATH_SEARCH_PATHS = "$(inherited) @executable_path/Frameworks @loader_path/Frameworks";
				PRODUCT_BUNDLE_IDENTIFIER = fr.giardi.GrillageTests;
				PRODUCT_NAME = "$(TARGET_NAME)";
				TEST_HOST = "$(BUILT_PRODUCTS_DIR)/Grillage.app/Grillage";
			};
			name = Release;
		};
/* End XCBuildConfiguration section */

/* Begin XCConfigurationList section */
		BF8B2CFA1D1BDA9600B3A2D8 /* Build configuration list for PBXProject "Grillage" */ = {
			isa = XCConfigurationList;
			buildConfigurations = (
				BF8B2D1A1D1BDA9600B3A2D8 /* Debug */,
				BF8B2D1B1D1BDA9600B3A2D8 /* Release */,
			);
			defaultConfigurationIsVisible = 0;
			defaultConfigurationName = Release;
		};
		BF8B2D1C1D1BDA9600B3A2D8 /* Build configuration list for PBXNativeTarget "Grillage" */ = {
			isa = XCConfigurationList;
			buildConfigurations = (
				BF8B2D1D1D1BDA9600B3A2D8 /* Debug */,
				BF8B2D1E1D1BDA9600B3A2D8 /* Release */,
			);
			defaultConfigurationIsVisible = 0;
			defaultConfigurationName = Release;
		};
		BF8B2D1F1D1BDA9600B3A2D8 /* Build configuration list for PBXNativeTarget "GrillageTests" */ = {
			isa = XCConfigurationList;
			buildConfigurations = (
				BF8B2D201D1BDA9600B3A2D8 /* Debug */,
				BF8B2D211D1BDA9600B3A2D8 /* Release */,
			);
			defaultConfigurationIsVisible = 0;
			defaultConfigurationName = Release;
		};
/* End XCConfigurationList section */
	};
	rootObject = BF8B2CF71D1BDA9600B3A2D8 /* Project object */;
}
